<?xml version="1.0" encoding="utf-8"?>
<Project ToolsVersion="4.0" xmlns="http://schemas.microsoft.com/developer/msbuild/2003">
  <ItemGroup>
    <ClCompile Include="src\ofApp.cpp">
      <Filter>src</Filter>
    </ClCompile>
    <ClCompile Include="src\main.cpp">
      <Filter>src</Filter>
    </ClCompile>
    <ClCompile Include="src\main.cpp">
      <Filter>src</Filter>
    </ClCompile>
    <ClCompile Include="src\ofApp.cpp">
      <Filter>src</Filter>
    </ClCompile>
    <ClCompile Include="..\..\..\of_v0.9.6_vs_release\addons\ofxAssimpModelLoader\src\ofxAssimpAnimation.cpp">
      <Filter>addons\ofxAssimpModelLoader\src</Filter>
    </ClCompile>
    <ClCompile Include="..\..\..\of_v0.9.6_vs_release\addons\ofxAssimpModelLoader\src\ofxAssimpMeshHelper.cpp">
      <Filter>addons\ofxAssimpModelLoader\src</Filter>
    </ClCompile>
    <ClCompile Include="..\..\..\of_v0.9.6_vs_release\addons\ofxAssimpModelLoader\src\ofxAssimpModelLoader.cpp">
      <Filter>addons\ofxAssimpModelLoader\src</Filter>
    </ClCompile>
    <ClCompile Include="..\..\..\of_v0.9.6_vs_release\addons\ofxAssimpModelLoader\src\ofxAssimpTexture.cpp">
      <Filter>addons\ofxAssimpModelLoader\src</Filter>
    </ClCompile>
    <ClCompile Include="..\..\..\of_v0.9.6_vs_release\addons\ofxFX(Seb)\src\ofxFXObject.cpp">
      <Filter>addons\ofxFX(Seb)\src</Filter>
    </ClCompile>
    <ClCompile Include="..\..\..\of_v0.9.6_vs_release\addons\ofxGui\src\ofxBaseGui.cpp">
      <Filter>addons\ofxGui\src</Filter>
    </ClCompile>
    <ClCompile Include="..\..\..\of_v0.9.6_vs_release\addons\ofxGui\src\ofxButton.cpp">
      <Filter>addons\ofxGui\src</Filter>
    </ClCompile>
    <ClCompile Include="..\..\..\of_v0.9.6_vs_release\addons\ofxGui\src\ofxGuiGroup.cpp">
      <Filter>addons\ofxGui\src</Filter>
    </ClCompile>
    <ClCompile Include="..\..\..\of_v0.9.6_vs_release\addons\ofxGui\src\ofxLabel.cpp">
      <Filter>addons\ofxGui\src</Filter>
    </ClCompile>
    <ClCompile Include="..\..\..\of_v0.9.6_vs_release\addons\ofxGui\src\ofxPanel.cpp">
      <Filter>addons\ofxGui\src</Filter>
    </ClCompile>
    <ClCompile Include="..\..\..\of_v0.9.6_vs_release\addons\ofxGui\src\ofxSlider.cpp">
      <Filter>addons\ofxGui\src</Filter>
    </ClCompile>
    <ClCompile Include="..\..\..\of_v0.9.6_vs_release\addons\ofxGui\src\ofxSliderGroup.cpp">
      <Filter>addons\ofxGui\src</Filter>
    </ClCompile>
    <ClCompile Include="..\..\..\of_v0.9.6_vs_release\addons\ofxGui\src\ofxToggle.cpp">
      <Filter>addons\ofxGui\src</Filter>
    </ClCompile>
    <ClCompile Include="src\ofxCubeTexture.cpp">
      <Filter>src</Filter>
    </ClCompile>
    <ClCompile Include="..\..\..\of_v0.9.6_vs_release\addons\ofxPostProcessing\src\BleachBypassPass.cpp">
      <Filter>addons\ofxPostProcessing\src</Filter>
    </ClCompile>
    <ClCompile Include="..\..\..\of_v0.9.6_vs_release\addons\ofxPostProcessing\src\BloomPass.cpp">
      <Filter>addons\ofxPostProcessing\src</Filter>
    </ClCompile>
    <ClCompile Include="..\..\..\of_v0.9.6_vs_release\addons\ofxPostProcessing\src\ContrastPass.cpp">
      <Filter>addons\ofxPostProcessing\src</Filter>
    </ClCompile>
    <ClCompile Include="..\..\..\of_v0.9.6_vs_release\addons\ofxPostProcessing\src\ConvolutionPass.cpp">
      <Filter>addons\ofxPostProcessing\src</Filter>
    </ClCompile>
    <ClCompile Include="..\..\..\of_v0.9.6_vs_release\addons\ofxPostProcessing\src\DofAltPass.cpp">
      <Filter>addons\ofxPostProcessing\src</Filter>
    </ClCompile>
    <ClCompile Include="..\..\..\of_v0.9.6_vs_release\addons\ofxPostProcessing\src\DofPass.cpp">
      <Filter>addons\ofxPostProcessing\src</Filter>
    </ClCompile>
    <ClCompile Include="..\..\..\of_v0.9.6_vs_release\addons\ofxPostProcessing\src\EdgePass.cpp">
      <Filter>addons\ofxPostProcessing\src</Filter>
    </ClCompile>
    <ClCompile Include="..\..\..\of_v0.9.6_vs_release\addons\ofxPostProcessing\src\FakeSSSPass.cpp">
      <Filter>addons\ofxPostProcessing\src</Filter>
    </ClCompile>
    <ClCompile Include="..\..\..\of_v0.9.6_vs_release\addons\ofxPostProcessing\src\FxaaPass.cpp">
      <Filter>addons\ofxPostProcessing\src</Filter>
    </ClCompile>
    <ClCompile Include="..\..\..\of_v0.9.6_vs_release\addons\ofxPostProcessing\src\GodRaysPass.cpp">
      <Filter>addons\ofxPostProcessing\src</Filter>
    </ClCompile>
    <ClCompile Include="..\..\..\of_v0.9.6_vs_release\addons\ofxPostProcessing\src\HorizontalTiltShifPass.cpp">
      <Filter>addons\ofxPostProcessing\src</Filter>
    </ClCompile>
    <ClCompile Include="..\..\..\of_v0.9.6_vs_release\addons\ofxPostProcessing\src\HsbShiftPass.cpp">
      <Filter>addons\ofxPostProcessing\src</Filter>
    </ClCompile>
    <ClCompile Include="..\..\..\of_v0.9.6_vs_release\addons\ofxPostProcessing\src\KaleidoscopePass.cpp">
      <Filter>addons\ofxPostProcessing\src</Filter>
    </ClCompile>
    <ClCompile Include="..\..\..\of_v0.9.6_vs_release\addons\ofxPostProcessing\src\LimbDarkeningPass.cpp">
      <Filter>addons\ofxPostProcessing\src</Filter>
    </ClCompile>
    <ClCompile Include="..\..\..\of_v0.9.6_vs_release\addons\ofxPostProcessing\src\LUTPass.cpp">
      <Filter>addons\ofxPostProcessing\src</Filter>
    </ClCompile>
    <ClCompile Include="..\..\..\of_v0.9.6_vs_release\addons\ofxPostProcessing\src\NoiseWarpPass.cpp">
      <Filter>addons\ofxPostProcessing\src</Filter>
    </ClCompile>
    <ClCompile Include="..\..\..\of_v0.9.6_vs_release\addons\ofxPostProcessing\src\PixelatePass.cpp">
      <Filter>addons\ofxPostProcessing\src</Filter>
    </ClCompile>
    <ClCompile Include="..\..\..\of_v0.9.6_vs_release\addons\ofxPostProcessing\src\PostProcessing.cpp">
      <Filter>addons\ofxPostProcessing\src</Filter>
    </ClCompile>
    <ClCompile Include="..\..\..\of_v0.9.6_vs_release\addons\ofxPostProcessing\src\RenderPass.cpp">
      <Filter>addons\ofxPostProcessing\src</Filter>
    </ClCompile>
    <ClCompile Include="..\..\..\of_v0.9.6_vs_release\addons\ofxPostProcessing\src\RGBShiftPass.cpp">
      <Filter>addons\ofxPostProcessing\src</Filter>
    </ClCompile>
    <ClCompile Include="..\..\..\of_v0.9.6_vs_release\addons\ofxPostProcessing\src\RimHighlightingPass.cpp">
      <Filter>addons\ofxPostProcessing\src</Filter>
    </ClCompile>
    <ClCompile Include="..\..\..\of_v0.9.6_vs_release\addons\ofxPostProcessing\src\SSAOPass.cpp">
      <Filter>addons\ofxPostProcessing\src</Filter>
    </ClCompile>
    <ClCompile Include="..\..\..\of_v0.9.6_vs_release\addons\ofxPostProcessing\src\ToonPass.cpp">
      <Filter>addons\ofxPostProcessing\src</Filter>
    </ClCompile>
    <ClCompile Include="..\..\..\of_v0.9.6_vs_release\addons\ofxPostProcessing\src\VerticalTiltShifPass.cpp">
      <Filter>addons\ofxPostProcessing\src</Filter>
    </ClCompile>
    <ClCompile Include="..\..\..\of_v0.9.6_vs_release\addons\ofxPostProcessing\src\ZoomBlurPass.cpp">
      <Filter>addons\ofxPostProcessing\src</Filter>
    </ClCompile>
  </ItemGroup>
  <ItemGroup>
    <Filter Include="src">
      <UniqueIdentifier>{d8376475-7454-4a24-b08a-aac121d3ad6f}</UniqueIdentifier>
    </Filter>
    <Filter Include="addons">
      <UniqueIdentifier>{71834F65-F3A9-211E-73B8-DC85}</UniqueIdentifier>
    </Filter>
    <Filter Include="addons\ofxAssimpModelLoader">
      <UniqueIdentifier>{DE65D9F7-840A-CD0A-A555-EA3B}</UniqueIdentifier>
    </Filter>
    <Filter Include="addons\ofxAssimpModelLoader\src">
      <UniqueIdentifier>{B84008DC-4B5E-271B-05DA-D8C8}</UniqueIdentifier>
    </Filter>
    <Filter Include="addons\ofxAssimpModelLoader\libs">
      <UniqueIdentifier>{3D854F79-FA4A-75FA-FC0A-2B25}</UniqueIdentifier>
    </Filter>
    <Filter Include="addons\ofxAssimpModelLoader\libs\assimp">
      <UniqueIdentifier>{FE8B5295-D3A7-B9CD-89C9-2613}</UniqueIdentifier>
    </Filter>
    <Filter Include="addons\ofxAssimpModelLoader\libs\assimp\include">
      <UniqueIdentifier>{EDC34C4F-5D44-FB76-337E-EE48}</UniqueIdentifier>
    </Filter>
    <Filter Include="addons\ofxAssimpModelLoader\libs\assimp\include\assimp">
      <UniqueIdentifier>{E66BABFA-76A1-EB8D-40FF-B940}</UniqueIdentifier>
    </Filter>
    <Filter Include="addons\ofxAssimpModelLoader\libs\assimp\include\assimp\Compiler">
      <UniqueIdentifier>{A0C31C2E-6C01-8850-3B72-C818}</UniqueIdentifier>
    </Filter>
    <Filter Include="addons\ofxFX(Seb)">
      <UniqueIdentifier>{80606A96-04DF-2909-9CAA-4C44}</UniqueIdentifier>
    </Filter>
    <Filter Include="addons\ofxFX(Seb)\src">
      <UniqueIdentifier>{450F8649-2A32-AA26-DFAD-E9B7}</UniqueIdentifier>
    </Filter>
    <Filter Include="addons\ofxGui">
      <UniqueIdentifier>{4F2A59AF-5F4E-704B-D067-EC13}</UniqueIdentifier>
    </Filter>
    <Filter Include="addons\ofxGui\src">
      <UniqueIdentifier>{645E9533-4DCD-6179-1CDF-CB65}</UniqueIdentifier>
    </Filter>
    <Filter Include="Header Files">
      <UniqueIdentifier>{7831997a-820c-4367-b61e-7175812964cd}</UniqueIdentifier>
    </Filter>
    <Filter Include="addons\ofxPostProcessing">
      <UniqueIdentifier>{f9420544-f5f8-486c-9c43-c3535d72fe59}</UniqueIdentifier>
    </Filter>
    <Filter Include="addons\ofxPostProcessing\src">
      <UniqueIdentifier>{08a25b6e-249a-43db-9a2c-0e71f599f5c0}</UniqueIdentifier>
    </Filter>
  </ItemGroup>
  <ItemGroup>
    <ClInclude Include="src\ofApp.h">
      <Filter>src</Filter>
    </ClInclude>
    <ClInclude Include="src\ofApp.h">
      <Filter>src</Filter>
    </ClInclude>
    <ClInclude Include="src\ofxTuringPattern.h">
      <Filter>src</Filter>
    </ClInclude>
    <ClInclude Include="src\ofxTuringPattern_A.h">
      <Filter>src</Filter>
    </ClInclude>
    <ClInclude Include="src\ofxTuringPattern_B.h">
      <Filter>src</Filter>
    </ClInclude>
    <ClInclude Include="src\ofxTuringPattern_C.h">
      <Filter>src</Filter>
    </ClInclude>
    <ClInclude Include="src\ofxTuringPattern_D.h">
      <Filter>src</Filter>
    </ClInclude>
    <ClInclude Include="..\..\..\of_v0.9.6_vs_release\addons\ofxAssimpModelLoader\src\ofxAssimpAnimation.h">
      <Filter>addons\ofxAssimpModelLoader\src</Filter>
    </ClInclude>
    <ClInclude Include="..\..\..\of_v0.9.6_vs_release\addons\ofxAssimpModelLoader\src\ofxAssimpMeshHelper.h">
      <Filter>addons\ofxAssimpModelLoader\src</Filter>
    </ClInclude>
    <ClInclude Include="..\..\..\of_v0.9.6_vs_release\addons\ofxAssimpModelLoader\src\ofxAssimpModelLoader.h">
      <Filter>addons\ofxAssimpModelLoader\src</Filter>
    </ClInclude>
    <ClInclude Include="..\..\..\of_v0.9.6_vs_release\addons\ofxAssimpModelLoader\src\ofxAssimpTexture.h">
      <Filter>addons\ofxAssimpModelLoader\src</Filter>
    </ClInclude>
    <ClInclude Include="..\..\..\of_v0.9.6_vs_release\addons\ofxAssimpModelLoader\src\ofxAssimpUtils.h">
      <Filter>addons\ofxAssimpModelLoader\src</Filter>
    </ClInclude>
    <ClInclude Include="..\..\..\of_v0.9.6_vs_release\addons\ofxAssimpModelLoader\libs\assimp\include\assimp\ai_assert.h">
      <Filter>addons\ofxAssimpModelLoader\libs\assimp\include\assimp</Filter>
    </ClInclude>
    <ClInclude Include="..\..\..\of_v0.9.6_vs_release\addons\ofxAssimpModelLoader\libs\assimp\include\assimp\anim.h">
      <Filter>addons\ofxAssimpModelLoader\libs\assimp\include\assimp</Filter>
    </ClInclude>
    <ClInclude Include="..\..\..\of_v0.9.6_vs_release\addons\ofxAssimpModelLoader\libs\assimp\include\assimp\camera.h">
      <Filter>addons\ofxAssimpModelLoader\libs\assimp\include\assimp</Filter>
    </ClInclude>
    <ClInclude Include="..\..\..\of_v0.9.6_vs_release\addons\ofxAssimpModelLoader\libs\assimp\include\assimp\cexport.h">
      <Filter>addons\ofxAssimpModelLoader\libs\assimp\include\assimp</Filter>
    </ClInclude>
    <ClInclude Include="..\..\..\of_v0.9.6_vs_release\addons\ofxAssimpModelLoader\libs\assimp\include\assimp\cfileio.h">
      <Filter>addons\ofxAssimpModelLoader\libs\assimp\include\assimp</Filter>
    </ClInclude>
    <ClInclude Include="..\..\..\of_v0.9.6_vs_release\addons\ofxAssimpModelLoader\libs\assimp\include\assimp\cimport.h">
      <Filter>addons\ofxAssimpModelLoader\libs\assimp\include\assimp</Filter>
    </ClInclude>
    <ClInclude Include="..\..\..\of_v0.9.6_vs_release\addons\ofxAssimpModelLoader\libs\assimp\include\assimp\color4.h">
      <Filter>addons\ofxAssimpModelLoader\libs\assimp\include\assimp</Filter>
    </ClInclude>
    <ClInclude Include="..\..\..\of_v0.9.6_vs_release\addons\ofxAssimpModelLoader\libs\assimp\include\assimp\Compiler\poppack1.h">
      <Filter>addons\ofxAssimpModelLoader\libs\assimp\include\assimp\Compiler</Filter>
    </ClInclude>
    <ClInclude Include="..\..\..\of_v0.9.6_vs_release\addons\ofxAssimpModelLoader\libs\assimp\include\assimp\Compiler\pstdint.h">
      <Filter>addons\ofxAssimpModelLoader\libs\assimp\include\assimp\Compiler</Filter>
    </ClInclude>
    <ClInclude Include="..\..\..\of_v0.9.6_vs_release\addons\ofxAssimpModelLoader\libs\assimp\include\assimp\Compiler\pushpack1.h">
      <Filter>addons\ofxAssimpModelLoader\libs\assimp\include\assimp\Compiler</Filter>
    </ClInclude>
    <ClInclude Include="..\..\..\of_v0.9.6_vs_release\addons\ofxAssimpModelLoader\libs\assimp\include\assimp\config.h">
      <Filter>addons\ofxAssimpModelLoader\libs\assimp\include\assimp</Filter>
    </ClInclude>
    <ClInclude Include="..\..\..\of_v0.9.6_vs_release\addons\ofxAssimpModelLoader\libs\assimp\include\assimp\DefaultLogger.hpp">
      <Filter>addons\ofxAssimpModelLoader\libs\assimp\include\assimp</Filter>
    </ClInclude>
    <ClInclude Include="..\..\..\of_v0.9.6_vs_release\addons\ofxAssimpModelLoader\libs\assimp\include\assimp\defs.h">
      <Filter>addons\ofxAssimpModelLoader\libs\assimp\include\assimp</Filter>
    </ClInclude>
    <ClInclude Include="..\..\..\of_v0.9.6_vs_release\addons\ofxAssimpModelLoader\libs\assimp\include\assimp\Exporter.hpp">
      <Filter>addons\ofxAssimpModelLoader\libs\assimp\include\assimp</Filter>
    </ClInclude>
    <ClInclude Include="..\..\..\of_v0.9.6_vs_release\addons\ofxAssimpModelLoader\libs\assimp\include\assimp\Importer.hpp">
      <Filter>addons\ofxAssimpModelLoader\libs\assimp\include\assimp</Filter>
    </ClInclude>
    <ClInclude Include="..\..\..\of_v0.9.6_vs_release\addons\ofxAssimpModelLoader\libs\assimp\include\assimp\importerdesc.h">
      <Filter>addons\ofxAssimpModelLoader\libs\assimp\include\assimp</Filter>
    </ClInclude>
    <ClInclude Include="..\..\..\of_v0.9.6_vs_release\addons\ofxAssimpModelLoader\libs\assimp\include\assimp\IOStream.hpp">
      <Filter>addons\ofxAssimpModelLoader\libs\assimp\include\assimp</Filter>
    </ClInclude>
    <ClInclude Include="..\..\..\of_v0.9.6_vs_release\addons\ofxAssimpModelLoader\libs\assimp\include\assimp\IOSystem.hpp">
      <Filter>addons\ofxAssimpModelLoader\libs\assimp\include\assimp</Filter>
    </ClInclude>
    <ClInclude Include="..\..\..\of_v0.9.6_vs_release\addons\ofxAssimpModelLoader\libs\assimp\include\assimp\light.h">
      <Filter>addons\ofxAssimpModelLoader\libs\assimp\include\assimp</Filter>
    </ClInclude>
    <ClInclude Include="..\..\..\of_v0.9.6_vs_release\addons\ofxAssimpModelLoader\libs\assimp\include\assimp\Logger.hpp">
      <Filter>addons\ofxAssimpModelLoader\libs\assimp\include\assimp</Filter>
    </ClInclude>
    <ClInclude Include="..\..\..\of_v0.9.6_vs_release\addons\ofxAssimpModelLoader\libs\assimp\include\assimp\LogStream.hpp">
      <Filter>addons\ofxAssimpModelLoader\libs\assimp\include\assimp</Filter>
    </ClInclude>
    <ClInclude Include="..\..\..\of_v0.9.6_vs_release\addons\ofxAssimpModelLoader\libs\assimp\include\assimp\material.h">
      <Filter>addons\ofxAssimpModelLoader\libs\assimp\include\assimp</Filter>
    </ClInclude>
    <ClInclude Include="..\..\..\of_v0.9.6_vs_release\addons\ofxAssimpModelLoader\libs\assimp\include\assimp\matrix3x3.h">
      <Filter>addons\ofxAssimpModelLoader\libs\assimp\include\assimp</Filter>
    </ClInclude>
    <ClInclude Include="..\..\..\of_v0.9.6_vs_release\addons\ofxAssimpModelLoader\libs\assimp\include\assimp\matrix4x4.h">
      <Filter>addons\ofxAssimpModelLoader\libs\assimp\include\assimp</Filter>
    </ClInclude>
    <ClInclude Include="..\..\..\of_v0.9.6_vs_release\addons\ofxAssimpModelLoader\libs\assimp\include\assimp\mesh.h">
      <Filter>addons\ofxAssimpModelLoader\libs\assimp\include\assimp</Filter>
    </ClInclude>
    <ClInclude Include="..\..\..\of_v0.9.6_vs_release\addons\ofxAssimpModelLoader\libs\assimp\include\assimp\metadata.h">
      <Filter>addons\ofxAssimpModelLoader\libs\assimp\include\assimp</Filter>
    </ClInclude>
    <ClInclude Include="..\..\..\of_v0.9.6_vs_release\addons\ofxAssimpModelLoader\libs\assimp\include\assimp\NullLogger.hpp">
      <Filter>addons\ofxAssimpModelLoader\libs\assimp\include\assimp</Filter>
    </ClInclude>
    <ClInclude Include="..\..\..\of_v0.9.6_vs_release\addons\ofxAssimpModelLoader\libs\assimp\include\assimp\postprocess.h">
      <Filter>addons\ofxAssimpModelLoader\libs\assimp\include\assimp</Filter>
    </ClInclude>
    <ClInclude Include="..\..\..\of_v0.9.6_vs_release\addons\ofxAssimpModelLoader\libs\assimp\include\assimp\ProgressHandler.hpp">
      <Filter>addons\ofxAssimpModelLoader\libs\assimp\include\assimp</Filter>
    </ClInclude>
    <ClInclude Include="..\..\..\of_v0.9.6_vs_release\addons\ofxAssimpModelLoader\libs\assimp\include\assimp\quaternion.h">
      <Filter>addons\ofxAssimpModelLoader\libs\assimp\include\assimp</Filter>
    </ClInclude>
    <ClInclude Include="..\..\..\of_v0.9.6_vs_release\addons\ofxAssimpModelLoader\libs\assimp\include\assimp\scene.h">
      <Filter>addons\ofxAssimpModelLoader\libs\assimp\include\assimp</Filter>
    </ClInclude>
    <ClInclude Include="..\..\..\of_v0.9.6_vs_release\addons\ofxAssimpModelLoader\libs\assimp\include\assimp\texture.h">
      <Filter>addons\ofxAssimpModelLoader\libs\assimp\include\assimp</Filter>
    </ClInclude>
    <ClInclude Include="..\..\..\of_v0.9.6_vs_release\addons\ofxAssimpModelLoader\libs\assimp\include\assimp\types.h">
      <Filter>addons\ofxAssimpModelLoader\libs\assimp\include\assimp</Filter>
    </ClInclude>
    <ClInclude Include="..\..\..\of_v0.9.6_vs_release\addons\ofxAssimpModelLoader\libs\assimp\include\assimp\vector2.h">
      <Filter>addons\ofxAssimpModelLoader\libs\assimp\include\assimp</Filter>
    </ClInclude>
    <ClInclude Include="..\..\..\of_v0.9.6_vs_release\addons\ofxAssimpModelLoader\libs\assimp\include\assimp\vector3.h">
      <Filter>addons\ofxAssimpModelLoader\libs\assimp\include\assimp</Filter>
    </ClInclude>
    <ClInclude Include="..\..\..\of_v0.9.6_vs_release\addons\ofxAssimpModelLoader\libs\assimp\include\assimp\version.h">
      <Filter>addons\ofxAssimpModelLoader\libs\assimp\include\assimp</Filter>
    </ClInclude>
    <ClInclude Include="..\..\..\of_v0.9.6_vs_release\addons\ofxFX(Seb)\src\ofxFX.h">
      <Filter>addons\ofxFX(Seb)\src</Filter>
    </ClInclude>
    <ClInclude Include="..\..\..\of_v0.9.6_vs_release\addons\ofxFX(Seb)\src\ofxFXObject.h">
      <Filter>addons\ofxFX(Seb)\src</Filter>
    </ClInclude>
    <ClInclude Include="..\..\..\of_v0.9.6_vs_release\addons\ofxFX(Seb)\src\ofxSwapBuffer.h">
      <Filter>addons\ofxFX(Seb)\src</Filter>
    </ClInclude>
    <ClInclude Include="..\..\..\of_v0.9.6_vs_release\addons\ofxGui\src\ofxBaseGui.h">
      <Filter>addons\ofxGui\src</Filter>
    </ClInclude>
    <ClInclude Include="..\..\..\of_v0.9.6_vs_release\addons\ofxGui\src\ofxButton.h">
      <Filter>addons\ofxGui\src</Filter>
    </ClInclude>
    <ClInclude Include="..\..\..\of_v0.9.6_vs_release\addons\ofxGui\src\ofxGui.h">
      <Filter>addons\ofxGui\src</Filter>
    </ClInclude>
    <ClInclude Include="..\..\..\of_v0.9.6_vs_release\addons\ofxGui\src\ofxGuiGroup.h">
      <Filter>addons\ofxGui\src</Filter>
    </ClInclude>
    <ClInclude Include="..\..\..\of_v0.9.6_vs_release\addons\ofxGui\src\ofxLabel.h">
      <Filter>addons\ofxGui\src</Filter>
    </ClInclude>
    <ClInclude Include="..\..\..\of_v0.9.6_vs_release\addons\ofxGui\src\ofxPanel.h">
      <Filter>addons\ofxGui\src</Filter>
    </ClInclude>
    <ClInclude Include="..\..\..\of_v0.9.6_vs_release\addons\ofxGui\src\ofxSlider.h">
      <Filter>addons\ofxGui\src</Filter>
    </ClInclude>
    <ClInclude Include="..\..\..\of_v0.9.6_vs_release\addons\ofxGui\src\ofxSliderGroup.h">
      <Filter>addons\ofxGui\src</Filter>
    </ClInclude>
    <ClInclude Include="..\..\..\of_v0.9.6_vs_release\addons\ofxGui\src\ofxToggle.h">
      <Filter>addons\ofxGui\src</Filter>
    </ClInclude>
    <ClInclude Include="src\ofxFrontSide.h">
      <Filter>src</Filter>
    </ClInclude>
    <ClInclude Include="src\device.h">
      <Filter>Header Files</Filter>
    </ClInclude>
    <ClInclude Include="src\sync.h">
      <Filter>Header Files</Filter>
    </ClInclude>
    <ClInclude Include="src\track.h">
      <Filter>Header Files</Filter>
    </ClInclude>
    <ClInclude Include="src\base.h">
      <Filter>Header Files</Filter>
    </ClInclude>
    <ClInclude Include="ofxCenteredTrueTypeFont.h">
      <Filter>src</Filter>
    </ClInclude>
    <ClInclude Include="src\ofxFront2.h">
      <Filter>src</Filter>
    </ClInclude>
    <ClInclude Include="src\ofxVMixer.h">
      <Filter>src</Filter>
    </ClInclude>
    <ClInclude Include="src\ofxCubeTexture.h">
      <Filter>src</Filter>
    </ClInclude>
    <ClInclude Include="src\ofxPlasma.h">
      <Filter>src</Filter>
    </ClInclude>
    <ClInclude Include="..\..\..\of_v0.9.6_vs_release\addons\ofxPostProcessing\src\BleachBypassPass.h">
      <Filter>addons\ofxPostProcessing\src</Filter>
    </ClInclude>
    <ClInclude Include="..\..\..\of_v0.9.6_vs_release\addons\ofxPostProcessing\src\BloomPass.h">
      <Filter>addons\ofxPostProcessing\src</Filter>
    </ClInclude>
    <ClInclude Include="..\..\..\of_v0.9.6_vs_release\addons\ofxPostProcessing\src\ContrastPass.h">
      <Filter>addons\ofxPostProcessing\src</Filter>
    </ClInclude>
    <ClInclude Include="..\..\..\of_v0.9.6_vs_release\addons\ofxPostProcessing\src\ConvolutionPass.h">
      <Filter>addons\ofxPostProcessing\src</Filter>
    </ClInclude>
    <ClInclude Include="..\..\..\of_v0.9.6_vs_release\addons\ofxPostProcessing\src\DofAltPass.h">
      <Filter>addons\ofxPostProcessing\src</Filter>
    </ClInclude>
    <ClInclude Include="..\..\..\of_v0.9.6_vs_release\addons\ofxPostProcessing\src\DofPass.h">
      <Filter>addons\ofxPostProcessing\src</Filter>
    </ClInclude>
    <ClInclude Include="..\..\..\of_v0.9.6_vs_release\addons\ofxPostProcessing\src\EdgePass.h">
      <Filter>addons\ofxPostProcessing\src</Filter>
    </ClInclude>
    <ClInclude Include="..\..\..\of_v0.9.6_vs_release\addons\ofxPostProcessing\src\FakeSSSPass.h">
      <Filter>addons\ofxPostProcessing\src</Filter>
    </ClInclude>
    <ClInclude Include="..\..\..\of_v0.9.6_vs_release\addons\ofxPostProcessing\src\FxaaPass.h">
      <Filter>addons\ofxPostProcessing\src</Filter>
    </ClInclude>
    <ClInclude Include="..\..\..\of_v0.9.6_vs_release\addons\ofxPostProcessing\src\GodRaysPass.h">
      <Filter>addons\ofxPostProcessing\src</Filter>
    </ClInclude>
    <ClInclude Include="..\..\..\of_v0.9.6_vs_release\addons\ofxPostProcessing\src\HorizontalTiltShifPass.h">
      <Filter>addons\ofxPostProcessing\src</Filter>
    </ClInclude>
    <ClInclude Include="..\..\..\of_v0.9.6_vs_release\addons\ofxPostProcessing\src\HsbShiftPass.h">
      <Filter>addons\ofxPostProcessing\src</Filter>
    </ClInclude>
    <ClInclude Include="..\..\..\of_v0.9.6_vs_release\addons\ofxPostProcessing\src\KaleidoscopePass.h">
      <Filter>addons\ofxPostProcessing\src</Filter>
    </ClInclude>
    <ClInclude Include="..\..\..\of_v0.9.6_vs_release\addons\ofxPostProcessing\src\LimbDarkeningPass.h">
      <Filter>addons\ofxPostProcessing\src</Filter>
    </ClInclude>
    <ClInclude Include="..\..\..\of_v0.9.6_vs_release\addons\ofxPostProcessing\src\LUTPass.h">
      <Filter>addons\ofxPostProcessing\src</Filter>
    </ClInclude>
    <ClInclude Include="..\..\..\of_v0.9.6_vs_release\addons\ofxPostProcessing\src\NoiseWarpPass.h">
      <Filter>addons\ofxPostProcessing\src</Filter>
    </ClInclude>
    <ClInclude Include="..\..\..\of_v0.9.6_vs_release\addons\ofxPostProcessing\src\ofxPostProcessing.h">
      <Filter>addons\ofxPostProcessing\src</Filter>
    </ClInclude>
    <ClInclude Include="..\..\..\of_v0.9.6_vs_release\addons\ofxPostProcessing\src\PixelatePass.h">
      <Filter>addons\ofxPostProcessing\src</Filter>
    </ClInclude>
    <ClInclude Include="..\..\..\of_v0.9.6_vs_release\addons\ofxPostProcessing\src\PostProcessing.h">
      <Filter>addons\ofxPostProcessing\src</Filter>
    </ClInclude>
    <ClInclude Include="..\..\..\of_v0.9.6_vs_release\addons\ofxPostProcessing\src\RenderPass.h">
      <Filter>addons\ofxPostProcessing\src</Filter>
    </ClInclude>
    <ClInclude Include="..\..\..\of_v0.9.6_vs_release\addons\ofxPostProcessing\src\RGBShiftPass.h">
      <Filter>addons\ofxPostProcessing\src</Filter>
    </ClInclude>
    <ClInclude Include="..\..\..\of_v0.9.6_vs_release\addons\ofxPostProcessing\src\RimHighlightingPass.h">
      <Filter>addons\ofxPostProcessing\src</Filter>
    </ClInclude>
    <ClInclude Include="..\..\..\of_v0.9.6_vs_release\addons\ofxPostProcessing\src\SSAOPass.h">
      <Filter>addons\ofxPostProcessing\src</Filter>
    </ClInclude>
    <ClInclude Include="..\..\..\of_v0.9.6_vs_release\addons\ofxPostProcessing\src\ToonPass.h">
      <Filter>addons\ofxPostProcessing\src</Filter>
    </ClInclude>
    <ClInclude Include="..\..\..\of_v0.9.6_vs_release\addons\ofxPostProcessing\src\VerticalTiltShifPass.h">
      <Filter>addons\ofxPostProcessing\src</Filter>
    </ClInclude>
    <ClInclude Include="..\..\..\of_v0.9.6_vs_release\addons\ofxPostProcessing\src\ZoomBlurPass.h">
      <Filter>addons\ofxPostProcessing\src</Filter>
    </ClInclude>
    <ClInclude Include="src\ofxCircleHex.h">
      <Filter>src</Filter>
    </ClInclude>
    <ClInclude Include="src\ofxTehoOsasto.h">
      <Filter>src</Filter>
    </ClInclude>
    <ClInclude Include="src\ofxSnowCrash.h">
      <Filter>src</Filter>
    </ClInclude>
    <ClInclude Include="src\ofxP2.h">
      <Filter>src</Filter>
    </ClInclude>
  </ItemGroup>
  <ItemGroup>
    <ResourceCompile Include="icon.rc" />
  </ItemGroup>
</Project>